
Microsoft Visual Studio Solution File, Format Version 12.00
# Visual Studio Version 17
VisualStudioVersion = 17.4.33213.308
MinimumVisualStudioVersion = 10.0.40219.1
Project("{FAE04EC0-301F-11D3-BF4B-00C04F79EFBC}") = "csharp-fundamentals-strings.Main", "csharp-fundamentals-strings.Main\csharp-fundamentals-strings.Main.csproj", "{F315D263-2ED6-4D12-A8E2-099874410D09}"
EndProject
Project("{FAE04EC0-301F-11D3-BF4B-00C04F79EFBC}") = "csharp-fundamentals-strings.Test", "csharp-fundamentals-strings.Test\csharp-fundamentals-strings.Test.csproj", "{8701829E-6578-4A95-B6A4-B517DC560B9B}"
EndProject
Global
	GlobalSection(SolutionConfigurationPlatforms) = preSolution
		Debug|Any CPU = Debug|Any CPU
		Release|Any CPU = Release|Any CPU
	EndGlobalSection
	GlobalSection(ProjectConfigurationPlatforms) = postSolution
		{F315D263-2ED6-4D12-A8E2-099874410D09}.Debug|Any CPU.ActiveCfg = Debug|Any CPU
		{F315D263-2ED6-4D12-A8E2-099874410D09}.Debug|Any CPU.Build.0 = Debug|Any CPU
		{F315D263-2ED6-4D12-A8E2-099874410D09}.Release|Any CPU.ActiveCfg = Release|Any CPU
		{F315D263-2ED6-4D12-A8E2-099874410D09}.Release|Any CPU.Build.0 = Release|Any CPU
		{8701829E-6578-4A95-B6A4-B517DC560B9B}.Debug|Any CPU.ActiveCfg = Debug|Any CPU
		{8701829E-6578-4A95-B6A4-B517DC560B9B}.Debug|Any CPU.Build.0 = Debug|Any CPU
		{8701829E-6578-4A95-B6A4-B517DC560B9B}.Release|Any CPU.ActiveCfg = Release|Any CPU
		{8701829E-6578-4A95-B6A4-B517DC560B9B}.Release|Any CPU.Build.0 = Release|Any CPU
	EndGlobalSection
	GlobalSection(SolutionProperties) = preSolution
		HideSolutionNode = FALSE
	EndGlobalSection
	GlobalSection(ExtensibilityGlobals) = postSolution
		SolutionGuid = {60A54827-BB9B-41F5-89A5-5DB435A3F0BC}
	EndGlobalSection
EndGlobal
